
Microsoft Visual Studio Solution File, Format Version 12.00
# Visual Studio Version 17
VisualStudioVersion = 17.5.002.0
MinimumVisualStudioVersion = 10.0.40219.1
Project("{9A19103F-16F7-4668-BE54-9A1E7A4F7556}") = "WebApi", "WebApi.csproj", "{7988C02E-CE96-45FD-A4DF-E71A7EED26FD}"
EndProject
Global
	GlobalSection(SolutionConfigurationPlatforms) = preSolution
		Debug|Any CPU = Debug|Any CPU
		Release|Any CPU = Release|Any CPU
	EndGlobalSection
	GlobalSection(ProjectConfigurationPlatforms) = postSolution
		{7988C02E-CE96-45FD-A4DF-E71A7EED26FD}.Debug|Any CPU.ActiveCfg = Debug|Any CPU
		{7988C02E-CE96-45FD-A4DF-E71A7EED26FD}.Debug|Any CPU.Build.0 = Debug|Any CPU
		{7988C02E-CE96-45FD-A4DF-E71A7EED26FD}.Release|Any CPU.ActiveCfg = Release|Any CPU
		{7988C02E-CE96-45FD-A4DF-E71A7EED26FD}.Release|Any CPU.Build.0 = Release|Any CPU
	EndGlobalSection
	GlobalSection(SolutionProperties) = preSolution
		HideSolutionNode = FALSE
	EndGlobalSection
	GlobalSection(ExtensibilityGlobals) = postSolution
		SolutionGuid = {AE329C09-9723-4F69-825B-AFD0E386B7EC}
	EndGlobalSection
EndGlobal
